
Microsoft Visual Studio Solution File, Format Version 12.00
# Visual Studio Version 17
VisualStudioVersion = 17.0.31903.59
MinimumVisualStudioVersion = 10.0.40219.1
Project("{2150E333-8FDC-42A3-9474-1A3956D46DE8}") = "src", "src", "{827E0CD3-B72D-47B6-A68D-7590B98EB39B}"
EndProject
Project("{FAE04EC0-301F-11D3-BF4B-00C04F79EFBC}") = "ADVCalculatorServer", "src\ADVCalculatorServer\ADVCalculatorServer.csproj", "{D25C5C75-A6BD-4C41-BCE9-B7006816BE9D}"
EndProject
Project("{2150E333-8FDC-42A3-9474-1A3956D46DE8}") = "AspNetCoreSseServer", "AspNetCoreSseServer", "{F49F2C94-8818-2AB2-29D2-87CCBC1AD6A8}"
EndProject
Project("{FAE04EC0-301F-11D3-BF4B-00C04F79EFBC}") = "BasicCalculatorServer", "src\AspNetCoreSseServer\BasicCalculatorServer.csproj", "{5F48C2C0-F740-4C88-9107-F1471E710EBE}"
EndProject
Project("{FAE04EC0-301F-11D3-BF4B-00C04F79EFBC}") = "McpHost", "src\McpHost\McpHost.csproj", "{74D368D7-1708-4584-B970-C7A0ADC67487}"
EndProject
Project("{FAE04EC0-301F-11D3-BF4B-00C04F79EFBC}") = "RegistryServer", "src\RegistryServer\RegistryServer.csproj", "{28CAE150-C9F5-4657-88F0-6B204C6A77CA}"
EndProject
Project("{FAE04EC0-301F-11D3-BF4B-00C04F79EFBC}") = "WeatherServer", "src\WeatherServer\WeatherServer.csproj", "{79CA1A6B-94DF-458B-A66C-1A6C013FBFF3}"
EndProject
Global
	GlobalSection(SolutionConfigurationPlatforms) = preSolution
		Debug|Any CPU = Debug|Any CPU
		Debug|x64 = Debug|x64
		Debug|x86 = Debug|x86
		Release|Any CPU = Release|Any CPU
		Release|x64 = Release|x64
		Release|x86 = Release|x86
	EndGlobalSection
	GlobalSection(ProjectConfigurationPlatforms) = postSolution
		{D25C5C75-A6BD-4C41-BCE9-B7006816BE9D}.Debug|Any CPU.ActiveCfg = Debug|Any CPU
		{D25C5C75-A6BD-4C41-BCE9-B7006816BE9D}.Debug|Any CPU.Build.0 = Debug|Any CPU
		{D25C5C75-A6BD-4C41-BCE9-B7006816BE9D}.Debug|x64.ActiveCfg = Debug|Any CPU
		{D25C5C75-A6BD-4C41-BCE9-B7006816BE9D}.Debug|x64.Build.0 = Debug|Any CPU
		{D25C5C75-A6BD-4C41-BCE9-B7006816BE9D}.Debug|x86.ActiveCfg = Debug|Any CPU
		{D25C5C75-A6BD-4C41-BCE9-B7006816BE9D}.Debug|x86.Build.0 = Debug|Any CPU
		{D25C5C75-A6BD-4C41-BCE9-B7006816BE9D}.Release|Any CPU.ActiveCfg = Release|Any CPU
		{D25C5C75-A6BD-4C41-BCE9-B7006816BE9D}.Release|Any CPU.Build.0 = Release|Any CPU
		{D25C5C75-A6BD-4C41-BCE9-B7006816BE9D}.Release|x64.ActiveCfg = Release|Any CPU
		{D25C5C75-A6BD-4C41-BCE9-B7006816BE9D}.Release|x64.Build.0 = Release|Any CPU
		{D25C5C75-A6BD-4C41-BCE9-B7006816BE9D}.Release|x86.ActiveCfg = Release|Any CPU
		{D25C5C75-A6BD-4C41-BCE9-B7006816BE9D}.Release|x86.Build.0 = Release|Any CPU
		{5F48C2C0-F740-4C88-9107-F1471E710EBE}.Debug|Any CPU.ActiveCfg = Debug|Any CPU
		{5F48C2C0-F740-4C88-9107-F1471E710EBE}.Debug|Any CPU.Build.0 = Debug|Any CPU
		{5F48C2C0-F740-4C88-9107-F1471E710EBE}.Debug|x64.ActiveCfg = Debug|Any CPU
		{5F48C2C0-F740-4C88-9107-F1471E710EBE}.Debug|x64.Build.0 = Debug|Any CPU
		{5F48C2C0-F740-4C88-9107-F1471E710EBE}.Debug|x86.ActiveCfg = Debug|Any CPU
		{5F48C2C0-F740-4C88-9107-F1471E710EBE}.Debug|x86.Build.0 = Debug|Any CPU
		{5F48C2C0-F740-4C88-9107-F1471E710EBE}.Release|Any CPU.ActiveCfg = Release|Any CPU
		{5F48C2C0-F740-4C88-9107-F1471E710EBE}.Release|Any CPU.Build.0 = Release|Any CPU
		{5F48C2C0-F740-4C88-9107-F1471E710EBE}.Release|x64.ActiveCfg = Release|Any CPU
		{5F48C2C0-F740-4C88-9107-F1471E710EBE}.Release|x64.Build.0 = Release|Any CPU
		{5F48C2C0-F740-4C88-9107-F1471E710EBE}.Release|x86.ActiveCfg = Release|Any CPU
		{5F48C2C0-F740-4C88-9107-F1471E710EBE}.Release|x86.Build.0 = Release|Any CPU
		{74D368D7-1708-4584-B970-C7A0ADC67487}.Debug|Any CPU.ActiveCfg = Debug|Any CPU
		{74D368D7-1708-4584-B970-C7A0ADC67487}.Debug|Any CPU.Build.0 = Debug|Any CPU
		{74D368D7-1708-4584-B970-C7A0ADC67487}.Debug|x64.ActiveCfg = Debug|Any CPU
		{74D368D7-1708-4584-B970-C7A0ADC67487}.Debug|x64.Build.0 = Debug|Any CPU
		{74D368D7-1708-4584-B970-C7A0ADC67487}.Debug|x86.ActiveCfg = Debug|Any CPU
		{74D368D7-1708-4584-B970-C7A0ADC67487}.Debug|x86.Build.0 = Debug|Any CPU
		{74D368D7-1708-4584-B970-C7A0ADC67487}.Release|Any CPU.ActiveCfg = Release|Any CPU
		{74D368D7-1708-4584-B970-C7A0ADC67487}.Release|Any CPU.Build.0 = Release|Any CPU
		{74D368D7-1708-4584-B970-C7A0ADC67487}.Release|x64.ActiveCfg = Release|Any CPU
		{74D368D7-1708-4584-B970-C7A0ADC67487}.Release|x64.Build.0 = Release|Any CPU
		{74D368D7-1708-4584-B970-C7A0ADC67487}.Release|x86.ActiveCfg = Release|Any CPU
		{74D368D7-1708-4584-B970-C7A0ADC67487}.Release|x86.Build.0 = Release|Any CPU
		{28CAE150-C9F5-4657-88F0-6B204C6A77CA}.Debug|Any CPU.ActiveCfg = Debug|Any CPU
		{28CAE150-C9F5-4657-88F0-6B204C6A77CA}.Debug|Any CPU.Build.0 = Debug|Any CPU
		{28CAE150-C9F5-4657-88F0-6B204C6A77CA}.Debug|x64.ActiveCfg = Debug|Any CPU
		{28CAE150-C9F5-4657-88F0-6B204C6A77CA}.Debug|x64.Build.0 = Debug|Any CPU
		{28CAE150-C9F5-4657-88F0-6B204C6A77CA}.Debug|x86.ActiveCfg = Debug|Any CPU
		{28CAE150-C9F5-4657-88F0-6B204C6A77CA}.Debug|x86.Build.0 = Debug|Any CPU
		{28CAE150-C9F5-4657-88F0-6B204C6A77CA}.Release|Any CPU.ActiveCfg = Release|Any CPU
		{28CAE150-C9F5-4657-88F0-6B204C6A77CA}.Release|Any CPU.Build.0 = Release|Any CPU
		{28CAE150-C9F5-4657-88F0-6B204C6A77CA}.Release|x64.ActiveCfg = Release|Any CPU
		{28CAE150-C9F5-4657-88F0-6B204C6A77CA}.Release|x64.Build.0 = Release|Any CPU
		{28CAE150-C9F5-4657-88F0-6B204C6A77CA}.Release|x86.ActiveCfg = Release|Any CPU
		{28CAE150-C9F5-4657-88F0-6B204C6A77CA}.Release|x86.Build.0 = Release|Any CPU
		{79CA1A6B-94DF-458B-A66C-1A6C013FBFF3}.Debug|Any CPU.ActiveCfg = Debug|Any CPU
		{79CA1A6B-94DF-458B-A66C-1A6C013FBFF3}.Debug|Any CPU.Build.0 = Debug|Any CPU
		{79CA1A6B-94DF-458B-A66C-1A6C013FBFF3}.Debug|x64.ActiveCfg = Debug|Any CPU
		{79CA1A6B-94DF-458B-A66C-1A6C013FBFF3}.Debug|x64.Build.0 = Debug|Any CPU
		{79CA1A6B-94DF-458B-A66C-1A6C013FBFF3}.Debug|x86.ActiveCfg = Debug|Any CPU
		{79CA1A6B-94DF-458B-A66C-1A6C013FBFF3}.Debug|x86.Build.0 = Debug|Any CPU
		{79CA1A6B-94DF-458B-A66C-1A6C013FBFF3}.Release|Any CPU.ActiveCfg = Release|Any CPU
		{79CA1A6B-94DF-458B-A66C-1A6C013FBFF3}.Release|Any CPU.Build.0 = Release|Any CPU
		{79CA1A6B-94DF-458B-A66C-1A6C013FBFF3}.Release|x64.ActiveCfg = Release|Any CPU
		{79CA1A6B-94DF-458B-A66C-1A6C013FBFF3}.Release|x64.Build.0 = Release|Any CPU
		{79CA1A6B-94DF-458B-A66C-1A6C013FBFF3}.Release|x86.ActiveCfg = Release|Any CPU
		{79CA1A6B-94DF-458B-A66C-1A6C013FBFF3}.Release|x86.Build.0 = Release|Any CPU
	EndGlobalSection
	GlobalSection(SolutionProperties) = preSolution
		HideSolutionNode = FALSE
	EndGlobalSection
	GlobalSection(NestedProjects) = preSolution
		{D25C5C75-A6BD-4C41-BCE9-B7006816BE9D} = {827E0CD3-B72D-47B6-A68D-7590B98EB39B}
		{F49F2C94-8818-2AB2-29D2-87CCBC1AD6A8} = {827E0CD3-B72D-47B6-A68D-7590B98EB39B}
		{5F48C2C0-F740-4C88-9107-F1471E710EBE} = {F49F2C94-8818-2AB2-29D2-87CCBC1AD6A8}
		{74D368D7-1708-4584-B970-C7A0ADC67487} = {827E0CD3-B72D-47B6-A68D-7590B98EB39B}
		{28CAE150-C9F5-4657-88F0-6B204C6A77CA} = {827E0CD3-B72D-47B6-A68D-7590B98EB39B}
		{79CA1A6B-94DF-458B-A66C-1A6C013FBFF3} = {827E0CD3-B72D-47B6-A68D-7590B98EB39B}
	EndGlobalSection
EndGlobal
